<?xml version="1.0" encoding="utf-8"?>
<Project ToolsVersion="4.0" xmlns="http://schemas.microsoft.com/developer/msbuild/2003">
  <ItemGroup>
    <ClCompile Include="main.cpp" />
    <ClCompile Include="Algorithm.h" />
    <ClCompile Include="Commands.h" />
    <ClCompile Include="Algorithm.cpp" />
    <ClCompile Include="Graph.cpp" />
    <ClCompile Include="Commands.cpp" />
  </ItemGroup>
  <ItemGroup>
    <Text Include="graph1.txt" />
    <Text Include="graph2.txt" />
  </ItemGroup>
  <ItemGroup>
    <ClInclude Include="Graph.h" />
  </ItemGroup>
</Project>